
Microsoft Visual Studio Solution File, Format Version 11.00
# Visual Studio 2010
Project("{FAE04EC0-301F-11D3-BF4B-00C04F79EFBC}") = "Mirror.Examples", "Mirror.Examples.csproj", "{65aa8a24-640d-83d7-6d8b-00bfd21b7bef}"
EndProject
Project("{FAE04EC0-301F-11D3-BF4B-00C04F79EFBC}") = "Mirror", "Mirror.csproj", "{755de893-d710-58ee-7efc-a78cdcf61520}"
EndProject
Project("{FAE04EC0-301F-11D3-BF4B-00C04F79EFBC}") = "Telepathy", "Telepathy.csproj", "{22d4d955-6fa1-fa35-bae4-eeaa934f526b}"
EndProject
Project("{FAE04EC0-301F-11D3-BF4B-00C04F79EFBC}") = "Assembly-CSharp", "Assembly-CSharp.csproj", "{dd7dd371-d4c6-668f-4b94-c85539e8c207}"
EndProject
Project("{FAE04EC0-301F-11D3-BF4B-00C04F79EFBC}") = "Mirror.Components", "Mirror.Components.csproj", "{8dc4f9ab-939c-816e-dd78-485abe7010f5}"
EndProject
Project("{FAE04EC0-301F-11D3-BF4B-00C04F79EFBC}") = "kcp2k", "kcp2k.csproj", "{841e49c6-2dc8-0503-ac73-f591eab70582}"
EndProject
Project("{FAE04EC0-301F-11D3-BF4B-00C04F79EFBC}") = "SimpleWebTransport", "SimpleWebTransport.csproj", "{801c6a88-ee6e-4ece-29eb-3a91649855d8}"
EndProject
Project("{FAE04EC0-301F-11D3-BF4B-00C04F79EFBC}") = "where-allocations", "where-allocations.csproj", "{536dd43c-5da1-dd67-0e05-c3918d166f44}"
EndProject
Project("{FAE04EC0-301F-11D3-BF4B-00C04F79EFBC}") = "Mirror.Authenticators", "Mirror.Authenticators.csproj", "{3fd50666-7bfd-5e21-ddbc-1c261225c9af}"
EndProject
Project("{FAE04EC0-301F-11D3-BF4B-00C04F79EFBC}") = "Unity.Mirror.CodeGen", "Unity.Mirror.CodeGen.csproj", "{6ec0cd87-86dd-0b80-fd84-c72e84f5a5ea}"
EndProject
Project("{FAE04EC0-301F-11D3-BF4B-00C04F79EFBC}") = "Assembly-CSharp-Editor", "Assembly-CSharp-Editor.csproj", "{3ff6524e-da4d-b3c9-82cd-63c64a9ce62e}"
EndProject
Project("{FAE04EC0-301F-11D3-BF4B-00C04F79EFBC}") = "Mirror.Editor", "Mirror.Editor.csproj", "{2df7c890-d0fd-7389-19ec-c24114a36590}"
EndProject
Project("{FAE04EC0-301F-11D3-BF4B-00C04F79EFBC}") = "Mirror.CompilerSymbols", "Mirror.CompilerSymbols.csproj", "{d47058c6-5f6a-322f-32bc-c9a1dd4324bb}"
EndProject
Global
	GlobalSection(SolutionConfigurationPlatforms) = preSolution
		Debug|Any CPU = Debug|Any CPU
	EndGlobalSection
	GlobalSection(ProjectConfigurationPlatforms) = postSolution
		{65aa8a24-640d-83d7-6d8b-00bfd21b7bef}.Debug|Any CPU.ActiveCfg = Debug|Any CPU
		{65aa8a24-640d-83d7-6d8b-00bfd21b7bef}.Debug|Any CPU.Build.0 = Debug|Any CPU
		{755de893-d710-58ee-7efc-a78cdcf61520}.Debug|Any CPU.ActiveCfg = Debug|Any CPU
		{755de893-d710-58ee-7efc-a78cdcf61520}.Debug|Any CPU.Build.0 = Debug|Any CPU
		{22d4d955-6fa1-fa35-bae4-eeaa934f526b}.Debug|Any CPU.ActiveCfg = Debug|Any CPU
		{22d4d955-6fa1-fa35-bae4-eeaa934f526b}.Debug|Any CPU.Build.0 = Debug|Any CPU
		{dd7dd371-d4c6-668f-4b94-c85539e8c207}.Debug|Any CPU.ActiveCfg = Debug|Any CPU
		{dd7dd371-d4c6-668f-4b94-c85539e8c207}.Debug|Any CPU.Build.0 = Debug|Any CPU
		{8dc4f9ab-939c-816e-dd78-485abe7010f5}.Debug|Any CPU.ActiveCfg = Debug|Any CPU
		{8dc4f9ab-939c-816e-dd78-485abe7010f5}.Debug|Any CPU.Build.0 = Debug|Any CPU
		{841e49c6-2dc8-0503-ac73-f591eab70582}.Debug|Any CPU.ActiveCfg = Debug|Any CPU
		{841e49c6-2dc8-0503-ac73-f591eab70582}.Debug|Any CPU.Build.0 = Debug|Any CPU
		{801c6a88-ee6e-4ece-29eb-3a91649855d8}.Debug|Any CPU.ActiveCfg = Debug|Any CPU
		{801c6a88-ee6e-4ece-29eb-3a91649855d8}.Debug|Any CPU.Build.0 = Debug|Any CPU
		{536dd43c-5da1-dd67-0e05-c3918d166f44}.Debug|Any CPU.ActiveCfg = Debug|Any CPU
		{536dd43c-5da1-dd67-0e05-c3918d166f44}.Debug|Any CPU.Build.0 = Debug|Any CPU
		{3fd50666-7bfd-5e21-ddbc-1c261225c9af}.Debug|Any CPU.ActiveCfg = Debug|Any CPU
		{3fd50666-7bfd-5e21-ddbc-1c261225c9af}.Debug|Any CPU.Build.0 = Debug|Any CPU
		{6ec0cd87-86dd-0b80-fd84-c72e84f5a5ea}.Debug|Any CPU.ActiveCfg = Debug|Any CPU
		{6ec0cd87-86dd-0b80-fd84-c72e84f5a5ea}.Debug|Any CPU.Build.0 = Debug|Any CPU
		{3ff6524e-da4d-b3c9-82cd-63c64a9ce62e}.Debug|Any CPU.ActiveCfg = Debug|Any CPU
		{3ff6524e-da4d-b3c9-82cd-63c64a9ce62e}.Debug|Any CPU.Build.0 = Debug|Any CPU
		{2df7c890-d0fd-7389-19ec-c24114a36590}.Debug|Any CPU.ActiveCfg = Debug|Any CPU
		{2df7c890-d0fd-7389-19ec-c24114a36590}.Debug|Any CPU.Build.0 = Debug|Any CPU
		{d47058c6-5f6a-322f-32bc-c9a1dd4324bb}.Debug|Any CPU.ActiveCfg = Debug|Any CPU
		{d47058c6-5f6a-322f-32bc-c9a1dd4324bb}.Debug|Any CPU.Build.0 = Debug|Any CPU
	EndGlobalSection
	GlobalSection(SolutionProperties) = preSolution
		HideSolutionNode = FALSE
	EndGlobalSection
EndGlobal
